
Microsoft Visual Studio Solution File, Format Version 12.00
# Visual Studio Version 17
VisualStudioVersion = 17.13.35931.197 d17.13
MinimumVisualStudioVersion = 10.0.40219.1
Project("{FAE04EC0-301F-11D3-BF4B-00C04F79EFBC}") = "Лаба7ООП", "Лаба7ООП\Лаба7ООП.csproj", "{C85DD51D-F124-4CE9-B639-7CADADFDCDC7}"
EndProject
Global
	GlobalSection(SolutionConfigurationPlatforms) = preSolution
		Debug|Any CPU = Debug|Any CPU
		Release|Any CPU = Release|Any CPU
	EndGlobalSection
	GlobalSection(ProjectConfigurationPlatforms) = postSolution
		{C85DD51D-F124-4CE9-B639-7CADADFDCDC7}.Debug|Any CPU.ActiveCfg = Debug|Any CPU
		{C85DD51D-F124-4CE9-B639-7CADADFDCDC7}.Debug|Any CPU.Build.0 = Debug|Any CPU
		{C85DD51D-F124-4CE9-B639-7CADADFDCDC7}.Release|Any CPU.ActiveCfg = Release|Any CPU
		{C85DD51D-F124-4CE9-B639-7CADADFDCDC7}.Release|Any CPU.Build.0 = Release|Any CPU
	EndGlobalSection
	GlobalSection(SolutionProperties) = preSolution
		HideSolutionNode = FALSE
	EndGlobalSection
	GlobalSection(ExtensibilityGlobals) = postSolution
		SolutionGuid = {AB1E2F00-B58B-405D-8A83-F7EA0D5667C0}
	EndGlobalSection
EndGlobal
