
Microsoft Visual Studio Solution File, Format Version 12.00
# Visual Studio Version 17
VisualStudioVersion = 17.13.35931.197 d17.13
MinimumVisualStudioVersion = 10.0.40219.1
Project("{FAE04EC0-301F-11D3-BF4B-00C04F79EFBC}") = "ООПЛаба9", "ООПЛаба9\ООПЛаба9.csproj", "{A1F72338-DB26-4093-8234-4CAF8317FC64}"
EndProject
Global
	GlobalSection(SolutionConfigurationPlatforms) = preSolution
		Debug|Any CPU = Debug|Any CPU
		Release|Any CPU = Release|Any CPU
	EndGlobalSection
	GlobalSection(ProjectConfigurationPlatforms) = postSolution
		{A1F72338-DB26-4093-8234-4CAF8317FC64}.Debug|Any CPU.ActiveCfg = Debug|Any CPU
		{A1F72338-DB26-4093-8234-4CAF8317FC64}.Debug|Any CPU.Build.0 = Debug|Any CPU
		{A1F72338-DB26-4093-8234-4CAF8317FC64}.Release|Any CPU.ActiveCfg = Release|Any CPU
		{A1F72338-DB26-4093-8234-4CAF8317FC64}.Release|Any CPU.Build.0 = Release|Any CPU
	EndGlobalSection
	GlobalSection(SolutionProperties) = preSolution
		HideSolutionNode = FALSE
	EndGlobalSection
	GlobalSection(ExtensibilityGlobals) = postSolution
		SolutionGuid = {E74CF7E4-2F12-4F85-BB6A-1DB38351DE3C}
	EndGlobalSection
EndGlobal
