
Microsoft Visual Studio Solution File, Format Version 12.00
# Visual Studio Version 17
VisualStudioVersion = 17.13.35931.197 d17.13
MinimumVisualStudioVersion = 10.0.40219.1
Project("{FAE04EC0-301F-11D3-BF4B-00C04F79EFBC}") = "ООПЛаба8", "ООПЛаба8\ООПЛаба8.csproj", "{9AEE6710-B7F3-47BE-9ADC-AD1545FA33B9}"
EndProject
Global
	GlobalSection(SolutionConfigurationPlatforms) = preSolution
		Debug|Any CPU = Debug|Any CPU
		Release|Any CPU = Release|Any CPU
	EndGlobalSection
	GlobalSection(ProjectConfigurationPlatforms) = postSolution
		{9AEE6710-B7F3-47BE-9ADC-AD1545FA33B9}.Debug|Any CPU.ActiveCfg = Debug|Any CPU
		{9AEE6710-B7F3-47BE-9ADC-AD1545FA33B9}.Debug|Any CPU.Build.0 = Debug|Any CPU
		{9AEE6710-B7F3-47BE-9ADC-AD1545FA33B9}.Release|Any CPU.ActiveCfg = Release|Any CPU
		{9AEE6710-B7F3-47BE-9ADC-AD1545FA33B9}.Release|Any CPU.Build.0 = Release|Any CPU
	EndGlobalSection
	GlobalSection(SolutionProperties) = preSolution
		HideSolutionNode = FALSE
	EndGlobalSection
	GlobalSection(ExtensibilityGlobals) = postSolution
		SolutionGuid = {1A29134D-6B2D-4173-A970-BF2BDECC3EDD}
	EndGlobalSection
EndGlobal
